
Microsoft Visual Studio Solution File, Format Version 12.00
# Visual Studio Version 17
VisualStudioVersion = 17.14.36127.28
MinimumVisualStudioVersion = 10.0.40219.1
Project("{FAE04EC0-301F-11D3-BF4B-00C04F79EFBC}") = "API", "API\API.csproj", "{B8C42257-43BF-4EFD-B0C2-D3C9120034CD}"
EndProject
Project("{FAE04EC0-301F-11D3-BF4B-00C04F79EFBC}") = "Domain", "Domain\Domain.csproj", "{BF748E9B-224A-44B4-BCC1-0BD2BCD9D8E1}"
EndProject
Project("{FAE04EC0-301F-11D3-BF4B-00C04F79EFBC}") = "Application", "Application\Application.csproj", "{24D050C9-D039-42AE-A0CB-D369CE6C560C}"
EndProject
Project("{FAE04EC0-301F-11D3-BF4B-00C04F79EFBC}") = "Infrastructure", "Infrastructure\Infrastructure.csproj", "{80A131E6-0C5E-4659-84CF-53A2F2BE5327}"
EndProject
Global
	GlobalSection(SolutionConfigurationPlatforms) = preSolution
		Debug|Any CPU = Debug|Any CPU
		Release|Any CPU = Release|Any CPU
	EndGlobalSection
	GlobalSection(ProjectConfigurationPlatforms) = postSolution
		{B8C42257-43BF-4EFD-B0C2-D3C9120034CD}.Debug|Any CPU.ActiveCfg = Debug|Any CPU
		{B8C42257-43BF-4EFD-B0C2-D3C9120034CD}.Debug|Any CPU.Build.0 = Debug|Any CPU
		{B8C42257-43BF-4EFD-B0C2-D3C9120034CD}.Release|Any CPU.ActiveCfg = Release|Any CPU
		{B8C42257-43BF-4EFD-B0C2-D3C9120034CD}.Release|Any CPU.Build.0 = Release|Any CPU
		{BF748E9B-224A-44B4-BCC1-0BD2BCD9D8E1}.Debug|Any CPU.ActiveCfg = Debug|Any CPU
		{BF748E9B-224A-44B4-BCC1-0BD2BCD9D8E1}.Debug|Any CPU.Build.0 = Debug|Any CPU
		{BF748E9B-224A-44B4-BCC1-0BD2BCD9D8E1}.Release|Any CPU.ActiveCfg = Release|Any CPU
		{BF748E9B-224A-44B4-BCC1-0BD2BCD9D8E1}.Release|Any CPU.Build.0 = Release|Any CPU
		{24D050C9-D039-42AE-A0CB-D369CE6C560C}.Debug|Any CPU.ActiveCfg = Debug|Any CPU
		{24D050C9-D039-42AE-A0CB-D369CE6C560C}.Debug|Any CPU.Build.0 = Debug|Any CPU
		{24D050C9-D039-42AE-A0CB-D369CE6C560C}.Release|Any CPU.ActiveCfg = Release|Any CPU
		{24D050C9-D039-42AE-A0CB-D369CE6C560C}.Release|Any CPU.Build.0 = Release|Any CPU
		{80A131E6-0C5E-4659-84CF-53A2F2BE5327}.Debug|Any CPU.ActiveCfg = Debug|Any CPU
		{80A131E6-0C5E-4659-84CF-53A2F2BE5327}.Debug|Any CPU.Build.0 = Debug|Any CPU
		{80A131E6-0C5E-4659-84CF-53A2F2BE5327}.Release|Any CPU.ActiveCfg = Release|Any CPU
		{80A131E6-0C5E-4659-84CF-53A2F2BE5327}.Release|Any CPU.Build.0 = Release|Any CPU
	EndGlobalSection
	GlobalSection(SolutionProperties) = preSolution
		HideSolutionNode = FALSE
	EndGlobalSection
	GlobalSection(ExtensibilityGlobals) = postSolution
		SolutionGuid = {EE1E7A37-ACE1-4671-9A2E-CC765964E01E}
	EndGlobalSection
EndGlobal
